# @generated by Move, please check-in and do not edit manually.

[move]
version = 2
manifest_digest = "2119321D279BDCF9B8AB9D4B5DA004E96DE5177F02999286E1291C0413E21C3B"
deps_digest = "060AD7E57DFB13104F21BE5F5C3759D03F0553FC3229247D9A7A6B45F50D03A3"
dependencies = [
  { name = "Sui" },
  { name = "Wormhole" },
  { name = "supra" },
]

[[move.package]]
name = "MoveStdlib"
source = { git = "https://github.com/MystenLabs/sui.git", rev = "framework/testnet", subdir = "crates/sui-framework/packages/move-stdlib" }

[[move.package]]
name = "Sui"
source = { git = "https://github.com/MystenLabs/sui.git", rev = "framework/testnet", subdir = "crates/sui-framework/packages/sui-framework" }

dependencies = [
  { name = "MoveStdlib" },
]

[[move.package]]
name = "Wormhole"
source = { local = "../wormhole" }

dependencies = [
  { name = "Sui" },
]

[[move.package]]
name = "supra"
source = { local = "../supra" }

dependencies = [
  { name = "Sui" },
]

[move.toolchain-version]
compiler-version = "1.24.0"
edition = "2024.beta"
flavor = "sui"
