# @generated by Move, please check-in and do not edit manually.

[move]
version = 2
manifest_digest = "4886C7C8988553640B3E4573943CBE382BC93688801751F2A50898AB3A8B7E1F"
deps_digest = "060AD7E57DFB13104F21BE5F5C3759D03F0553FC3229247D9A7A6B45F50D03A3"
dependencies = [
  { name = "Sui" },
  { name = "Wormhole" },
  { name = "supra" },
]

[[move.package]]
name = "MoveStdlib"
source = { git = "https://github.com/MystenLabs/sui.git", rev = "framework/testnet", subdir = "crates/sui-framework/packages/move-stdlib" }

[[move.package]]
name = "Sui"
source = { git = "https://github.com/MystenLabs/sui.git", rev = "framework/testnet", subdir = "crates/sui-framework/packages/sui-framework" }

dependencies = [
  { name = "MoveStdlib" },
]

[[move.package]]
name = "Wormhole"
source = { local = "../wormhole" }

dependencies = [
  { name = "Sui" },
]

[[move.package]]
name = "supra"
source = { local = "../supra" }

dependencies = [
  { name = "Sui" },
]

[move.toolchain-version]
compiler-version = "1.24.0"
edition = "2024.beta"
flavor = "sui"

[env]

[env.testnet]
chain-id = "4c78adac"
original-published-id = "0xfb77bc2d72a4e1ca782ffe89cc18e1631621548939e108de053c7f1618dc0fdd"
latest-published-id = "0xfb77bc2d72a4e1ca782ffe89cc18e1631621548939e108de053c7f1618dc0fdd"
published-version = "1"
