# @generated by Move, please check-in and do not edit manually.

[move]
version = 2
manifest_digest = "59E67EC9A06EC3CC98C675B62A063996E96DE025C4739359A08A4DF063B08FE0"
deps_digest = "F8BBB0CCB2491CA29A3DF03D6F92277A4F3574266507ACD77214D37ECA3F3082"
dependencies = [
  { name = "Sui" },
]

[[move.package]]
name = "MoveStdlib"
source = { git = "https://github.com/MystenLabs/sui.git", rev = "framework/testnet", subdir = "crates/sui-framework/packages/move-stdlib" }

[[move.package]]
name = "Sui"
source = { git = "https://github.com/MystenLabs/sui.git", rev = "framework/testnet", subdir = "crates/sui-framework/packages/sui-framework" }

dependencies = [
  { name = "MoveStdlib" },
]

[move.toolchain-version]
compiler-version = "1.24.0"
edition = "2024.beta"
flavor = "sui"

[env]

[env.testnet]
chain-id = "4c78adac"
original-published-id = "0x76ab030e93509eaeac54d7feb270c95af5f5b38c56584cbfedc747efaac63636"
latest-published-id = "0x76ab030e93509eaeac54d7feb270c95af5f5b38c56584cbfedc747efaac63636"
published-version = "1"
