# @generated by Move, please check-in and do not edit manually.

[move]
version = 2
manifest_digest = "1EA9E563727CB2A244FAA28C3E2CE30A43A379336637936801FE49CFCE1F00B0"
deps_digest = "F8BBB0CCB2491CA29A3DF03D6F92277A4F3574266507ACD77214D37ECA3F3082"
dependencies = [
  { name = "Sui" },
]

[[move.package]]
name = "MoveStdlib"
source = { git = "https://github.com/MystenLabs/sui.git", rev = "framework/testnet", subdir = "crates/sui-framework/packages/move-stdlib" }

[[move.package]]
name = "Sui"
source = { git = "https://github.com/MystenLabs/sui.git", rev = "framework/testnet", subdir = "crates/sui-framework/packages/sui-framework" }

dependencies = [
  { name = "MoveStdlib" },
]

[move.toolchain-version]
compiler-version = "1.24.0"
edition = "2024.beta"
flavor = "sui"

[env]

[env.testnet]
chain-id = "4c78adac"
original-published-id = "0xae28fd09dc8df11e5b3a1d3389723cd9469988944661e708f6ddf4fb2f1fd644"
latest-published-id = "0xae28fd09dc8df11e5b3a1d3389723cd9469988944661e708f6ddf4fb2f1fd644"
published-version = "1"
